
Microsoft Visual Studio Solution File, Format Version 12.00
# Visual Studio Version 17
VisualStudioVersion = 17.3.32825.248
MinimumVisualStudioVersion = 10.0.40219.1
Project("{FAE04EC0-301F-11D3-BF4B-00C04F79EFBC}") = "IocContainer", "IocContainer\IocContainer.csproj", "{C4998A26-A349-43F0-9387-06F49FAD6308}"
EndProject
Global
	GlobalSection(SolutionConfigurationPlatforms) = preSolution
		Debug|Any CPU = Debug|Any CPU
		Release|Any CPU = Release|Any CPU
	EndGlobalSection
	GlobalSection(ProjectConfigurationPlatforms) = postSolution
		{C4998A26-A349-43F0-9387-06F49FAD6308}.Debug|Any CPU.ActiveCfg = Debug|Any CPU
		{C4998A26-A349-43F0-9387-06F49FAD6308}.Debug|Any CPU.Build.0 = Debug|Any CPU
		{C4998A26-A349-43F0-9387-06F49FAD6308}.Release|Any CPU.ActiveCfg = Release|Any CPU
		{C4998A26-A349-43F0-9387-06F49FAD6308}.Release|Any CPU.Build.0 = Release|Any CPU
	EndGlobalSection
	GlobalSection(SolutionProperties) = preSolution
		HideSolutionNode = FALSE
	EndGlobalSection
	GlobalSection(ExtensibilityGlobals) = postSolution
		SolutionGuid = {46A0F797-5C76-473B-8700-ED5974DC1DA0}
	EndGlobalSection
EndGlobal
