
Microsoft Visual Studio Solution File, Format Version 12.00
# Visual Studio Version 17
VisualStudioVersion = 17.3.32825.248
MinimumVisualStudioVersion = 10.0.40219.1
Project("{FAE04EC0-301F-11D3-BF4B-00C04F79EFBC}") = "Configuration", "Configuration\Configuration.csproj", "{025C5F02-4947-4633-A508-D1ED42D3E006}"
EndProject
Global
	GlobalSection(SolutionConfigurationPlatforms) = preSolution
		Debug|Any CPU = Debug|Any CPU
		Release|Any CPU = Release|Any CPU
	EndGlobalSection
	GlobalSection(ProjectConfigurationPlatforms) = postSolution
		{025C5F02-4947-4633-A508-D1ED42D3E006}.Debug|Any CPU.ActiveCfg = Debug|Any CPU
		{025C5F02-4947-4633-A508-D1ED42D3E006}.Debug|Any CPU.Build.0 = Debug|Any CPU
		{025C5F02-4947-4633-A508-D1ED42D3E006}.Release|Any CPU.ActiveCfg = Release|Any CPU
		{025C5F02-4947-4633-A508-D1ED42D3E006}.Release|Any CPU.Build.0 = Release|Any CPU
	EndGlobalSection
	GlobalSection(SolutionProperties) = preSolution
		HideSolutionNode = FALSE
	EndGlobalSection
	GlobalSection(ExtensibilityGlobals) = postSolution
		SolutionGuid = {2B29983E-001F-40CA-BBE6-8C3BD1E68AE3}
	EndGlobalSection
EndGlobal
