
Microsoft Visual Studio Solution File, Format Version 12.00
# Visual Studio Version 17
VisualStudioVersion = 17.3.32825.248
MinimumVisualStudioVersion = 10.0.40219.1
Project("{FAE04EC0-301F-11D3-BF4B-00C04F79EFBC}") = "UdemyIOC.console", "..\UdemyIOC\UdemyIOC.console\UdemyIOC.console.csproj", "{2EBAB54C-C8DC-4A37-8399-DF4CF9D78C27}"
EndProject
Global
	GlobalSection(SolutionConfigurationPlatforms) = preSolution
		Debug|Any CPU = Debug|Any CPU
		Release|Any CPU = Release|Any CPU
	EndGlobalSection
	GlobalSection(ProjectConfigurationPlatforms) = postSolution
		{2EBAB54C-C8DC-4A37-8399-DF4CF9D78C27}.Debug|Any CPU.ActiveCfg = Debug|Any CPU
		{2EBAB54C-C8DC-4A37-8399-DF4CF9D78C27}.Debug|Any CPU.Build.0 = Debug|Any CPU
		{2EBAB54C-C8DC-4A37-8399-DF4CF9D78C27}.Release|Any CPU.ActiveCfg = Release|Any CPU
		{2EBAB54C-C8DC-4A37-8399-DF4CF9D78C27}.Release|Any CPU.Build.0 = Release|Any CPU
	EndGlobalSection
	GlobalSection(SolutionProperties) = preSolution
		HideSolutionNode = FALSE
	EndGlobalSection
	GlobalSection(ExtensibilityGlobals) = postSolution
		SolutionGuid = {60578221-E936-4AAE-B936-A7ACE1A9B6D0}
	EndGlobalSection
EndGlobal
