
Microsoft Visual Studio Solution File, Format Version 12.00
# Visual Studio Version 17
VisualStudioVersion = 17.10.34607.79
MinimumVisualStudioVersion = 10.0.40219.1
Project("{9A19103F-16F7-4668-BE54-9A1E7A4F7556}") = "OData.API", "APIOData.API\OData.API.csproj", "{FDD59EFC-0197-4E9A-8462-99720744BED5}"
EndProject
Project("{FAE04EC0-301F-11D3-BF4B-00C04F79EFBC}") = "ODataExtensionsApp.Console", "ODataExtensionsApp.Console\ODataExtensionsApp.Console.csproj", "{C3340388-9F82-4917-84D9-7A689C33E9D0}"
EndProject
Global
	GlobalSection(SolutionConfigurationPlatforms) = preSolution
		Debug|Any CPU = Debug|Any CPU
		Release|Any CPU = Release|Any CPU
	EndGlobalSection
	GlobalSection(ProjectConfigurationPlatforms) = postSolution
		{FDD59EFC-0197-4E9A-8462-99720744BED5}.Debug|Any CPU.ActiveCfg = Debug|Any CPU
		{FDD59EFC-0197-4E9A-8462-99720744BED5}.Debug|Any CPU.Build.0 = Debug|Any CPU
		{FDD59EFC-0197-4E9A-8462-99720744BED5}.Release|Any CPU.ActiveCfg = Release|Any CPU
		{FDD59EFC-0197-4E9A-8462-99720744BED5}.Release|Any CPU.Build.0 = Release|Any CPU
		{C3340388-9F82-4917-84D9-7A689C33E9D0}.Debug|Any CPU.ActiveCfg = Debug|Any CPU
		{C3340388-9F82-4917-84D9-7A689C33E9D0}.Debug|Any CPU.Build.0 = Debug|Any CPU
		{C3340388-9F82-4917-84D9-7A689C33E9D0}.Release|Any CPU.ActiveCfg = Release|Any CPU
		{C3340388-9F82-4917-84D9-7A689C33E9D0}.Release|Any CPU.Build.0 = Release|Any CPU
	EndGlobalSection
	GlobalSection(SolutionProperties) = preSolution
		HideSolutionNode = FALSE
	EndGlobalSection
	GlobalSection(ExtensibilityGlobals) = postSolution
		SolutionGuid = {F3611334-4FBA-4C40-B44A-B7816182B37B}
	EndGlobalSection
EndGlobal
