
Microsoft Visual Studio Solution File, Format Version 12.00
# Visual Studio Version 17
VisualStudioVersion = 17.3.32825.248
MinimumVisualStudioVersion = 10.0.40219.1
Project("{FAE04EC0-301F-11D3-BF4B-00C04F79EFBC}") = "DbFirst", "DbFirst\DbFirst.csproj", "{70A06DB9-5F73-44DC-B3AD-FB73195D7659}"
EndProject
Global
	GlobalSection(SolutionConfigurationPlatforms) = preSolution
		Debug|Any CPU = Debug|Any CPU
		Release|Any CPU = Release|Any CPU
	EndGlobalSection
	GlobalSection(ProjectConfigurationPlatforms) = postSolution
		{70A06DB9-5F73-44DC-B3AD-FB73195D7659}.Debug|Any CPU.ActiveCfg = Debug|Any CPU
		{70A06DB9-5F73-44DC-B3AD-FB73195D7659}.Debug|Any CPU.Build.0 = Debug|Any CPU
		{70A06DB9-5F73-44DC-B3AD-FB73195D7659}.Release|Any CPU.ActiveCfg = Release|Any CPU
		{70A06DB9-5F73-44DC-B3AD-FB73195D7659}.Release|Any CPU.Build.0 = Release|Any CPU
	EndGlobalSection
	GlobalSection(SolutionProperties) = preSolution
		HideSolutionNode = FALSE
	EndGlobalSection
	GlobalSection(ExtensibilityGlobals) = postSolution
		SolutionGuid = {F7CDBA07-4141-4E1F-824B-26AAF3CFD301}
	EndGlobalSection
EndGlobal
