
Microsoft Visual Studio Solution File, Format Version 12.00
# Visual Studio Version 17
VisualStudioVersion = 17.0.31903.59
MinimumVisualStudioVersion = 10.0.40219.1
Project("{FAE04EC0-301F-11D3-BF4B-00C04F79EFBC}") = "ExtensionMethods", "ExtensionMethods\ExtensionMethods.csproj", "{22BC0E2A-6159-4801-96D1-DD106D67FFA1}"
EndProject
Global
	GlobalSection(SolutionConfigurationPlatforms) = preSolution
		Debug|Any CPU = Debug|Any CPU
		Release|Any CPU = Release|Any CPU
	EndGlobalSection
	GlobalSection(ProjectConfigurationPlatforms) = postSolution
		{22BC0E2A-6159-4801-96D1-DD106D67FFA1}.Debug|Any CPU.ActiveCfg = Debug|Any CPU
		{22BC0E2A-6159-4801-96D1-DD106D67FFA1}.Debug|Any CPU.Build.0 = Debug|Any CPU
		{22BC0E2A-6159-4801-96D1-DD106D67FFA1}.Release|Any CPU.ActiveCfg = Release|Any CPU
		{22BC0E2A-6159-4801-96D1-DD106D67FFA1}.Release|Any CPU.Build.0 = Release|Any CPU
	EndGlobalSection
	GlobalSection(SolutionProperties) = preSolution
		HideSolutionNode = FALSE
	EndGlobalSection
	GlobalSection(ExtensibilityGlobals) = postSolution
		SolutionGuid = {98E978CE-A72E-4632-A969-C82928324591}
	EndGlobalSection
EndGlobal
