
Microsoft Visual Studio Solution File, Format Version 12.00
# Visual Studio Version 17
VisualStudioVersion = 17.5.33326.253
MinimumVisualStudioVersion = 10.0.40219.1
Project("{FAE04EC0-301F-11D3-BF4B-00C04F79EFBC}") = "AzureStorageLibrary", "AzureStorageLibrary\AzureStorageLibrary.csproj", "{02C1F606-2DA1-4A27-90C4-08070F13026D}"
EndProject
Global
	GlobalSection(SolutionConfigurationPlatforms) = preSolution
		Debug|Any CPU = Debug|Any CPU
		Release|Any CPU = Release|Any CPU
	EndGlobalSection
	GlobalSection(ProjectConfigurationPlatforms) = postSolution
		{02C1F606-2DA1-4A27-90C4-08070F13026D}.Debug|Any CPU.ActiveCfg = Debug|Any CPU
		{02C1F606-2DA1-4A27-90C4-08070F13026D}.Debug|Any CPU.Build.0 = Debug|Any CPU
		{02C1F606-2DA1-4A27-90C4-08070F13026D}.Release|Any CPU.ActiveCfg = Release|Any CPU
		{02C1F606-2DA1-4A27-90C4-08070F13026D}.Release|Any CPU.Build.0 = Release|Any CPU
	EndGlobalSection
	GlobalSection(SolutionProperties) = preSolution
		HideSolutionNode = FALSE
	EndGlobalSection
	GlobalSection(ExtensibilityGlobals) = postSolution
		SolutionGuid = {83AA708C-3238-457D-8E71-875BC171AD7C}
	EndGlobalSection
EndGlobal
