
Microsoft Visual Studio Solution File, Format Version 12.00
# Visual Studio Version 17
VisualStudioVersion = 17.10.34607.79
MinimumVisualStudioVersion = 10.0.40219.1
Project("{FAE04EC0-301F-11D3-BF4B-00C04F79EFBC}") = "GrpcServer", "GrpcServer\GrpcServer.csproj", "{0F2D139E-4AB8-4113-94A2-7CB4B813AD41}"
EndProject
Project("{FAE04EC0-301F-11D3-BF4B-00C04F79EFBC}") = "GrpcClient", "GrpcClient\GrpcClient.csproj", "{589A2BCD-4484-4922-8574-D2F65C3CA91B}"
EndProject
Global
	GlobalSection(SolutionConfigurationPlatforms) = preSolution
		Debug|Any CPU = Debug|Any CPU
		Release|Any CPU = Release|Any CPU
	EndGlobalSection
	GlobalSection(ProjectConfigurationPlatforms) = postSolution
		{0F2D139E-4AB8-4113-94A2-7CB4B813AD41}.Debug|Any CPU.ActiveCfg = Debug|Any CPU
		{0F2D139E-4AB8-4113-94A2-7CB4B813AD41}.Debug|Any CPU.Build.0 = Debug|Any CPU
		{0F2D139E-4AB8-4113-94A2-7CB4B813AD41}.Release|Any CPU.ActiveCfg = Release|Any CPU
		{0F2D139E-4AB8-4113-94A2-7CB4B813AD41}.Release|Any CPU.Build.0 = Release|Any CPU
		{589A2BCD-4484-4922-8574-D2F65C3CA91B}.Debug|Any CPU.ActiveCfg = Debug|Any CPU
		{589A2BCD-4484-4922-8574-D2F65C3CA91B}.Debug|Any CPU.Build.0 = Debug|Any CPU
		{589A2BCD-4484-4922-8574-D2F65C3CA91B}.Release|Any CPU.ActiveCfg = Release|Any CPU
		{589A2BCD-4484-4922-8574-D2F65C3CA91B}.Release|Any CPU.Build.0 = Release|Any CPU
	EndGlobalSection
	GlobalSection(SolutionProperties) = preSolution
		HideSolutionNode = FALSE
	EndGlobalSection
	GlobalSection(ExtensibilityGlobals) = postSolution
		SolutionGuid = {725AA357-BE16-43DB-9C75-76B6A745DD39}
	EndGlobalSection
EndGlobal
