
Microsoft Visual Studio Solution File, Format Version 12.00
# Visual Studio Version 17
VisualStudioVersion = 17.5.002.0
MinimumVisualStudioVersion = 10.0.40219.1
Project("{9A19103F-16F7-4668-BE54-9A1E7A4F7556}") = "GameStore.Frontend", "GameStore.Frontend\GameStore.Frontend.csproj", "{F8FCE3DB-9A60-4D6E-8B7E-EBA5A4E77DDF}"
EndProject
Global
	GlobalSection(SolutionConfigurationPlatforms) = preSolution
		Debug|Any CPU = Debug|Any CPU
		Release|Any CPU = Release|Any CPU
	EndGlobalSection
	GlobalSection(ProjectConfigurationPlatforms) = postSolution
		{F8FCE3DB-9A60-4D6E-8B7E-EBA5A4E77DDF}.Debug|Any CPU.ActiveCfg = Debug|Any CPU
		{F8FCE3DB-9A60-4D6E-8B7E-EBA5A4E77DDF}.Debug|Any CPU.Build.0 = Debug|Any CPU
		{F8FCE3DB-9A60-4D6E-8B7E-EBA5A4E77DDF}.Release|Any CPU.ActiveCfg = Release|Any CPU
		{F8FCE3DB-9A60-4D6E-8B7E-EBA5A4E77DDF}.Release|Any CPU.Build.0 = Release|Any CPU
	EndGlobalSection
	GlobalSection(SolutionProperties) = preSolution
		HideSolutionNode = FALSE
	EndGlobalSection
	GlobalSection(ExtensibilityGlobals) = postSolution
		SolutionGuid = {2932FD76-3953-44FA-8BDA-084888756F55}
	EndGlobalSection
EndGlobal
