
Microsoft Visual Studio Solution File, Format Version 12.00
# Visual Studio Version 17
VisualStudioVersion = 17.10.34607.79
MinimumVisualStudioVersion = 10.0.40219.1
Project("{FAE04EC0-301F-11D3-BF4B-00C04F79EFBC}") = "GrpcService", "GrpcService\GrpcService.csproj", "{05F70A23-C47E-4B74-A7A6-9266A21F6E9B}"
EndProject
Project("{FAE04EC0-301F-11D3-BF4B-00C04F79EFBC}") = "GrpcClient", "GrpcClient\GrpcClient.csproj", "{02A5465A-FBEF-429D-818A-CA256F072E0C}"
EndProject
Global
	GlobalSection(SolutionConfigurationPlatforms) = preSolution
		Debug|Any CPU = Debug|Any CPU
		Release|Any CPU = Release|Any CPU
	EndGlobalSection
	GlobalSection(ProjectConfigurationPlatforms) = postSolution
		{05F70A23-C47E-4B74-A7A6-9266A21F6E9B}.Debug|Any CPU.ActiveCfg = Debug|Any CPU
		{05F70A23-C47E-4B74-A7A6-9266A21F6E9B}.Debug|Any CPU.Build.0 = Debug|Any CPU
		{05F70A23-C47E-4B74-A7A6-9266A21F6E9B}.Release|Any CPU.ActiveCfg = Release|Any CPU
		{05F70A23-C47E-4B74-A7A6-9266A21F6E9B}.Release|Any CPU.Build.0 = Release|Any CPU
		{02A5465A-FBEF-429D-818A-CA256F072E0C}.Debug|Any CPU.ActiveCfg = Debug|Any CPU
		{02A5465A-FBEF-429D-818A-CA256F072E0C}.Debug|Any CPU.Build.0 = Debug|Any CPU
		{02A5465A-FBEF-429D-818A-CA256F072E0C}.Release|Any CPU.ActiveCfg = Release|Any CPU
		{02A5465A-FBEF-429D-818A-CA256F072E0C}.Release|Any CPU.Build.0 = Release|Any CPU
	EndGlobalSection
	GlobalSection(SolutionProperties) = preSolution
		HideSolutionNode = FALSE
	EndGlobalSection
	GlobalSection(ExtensibilityGlobals) = postSolution
		SolutionGuid = {2B8E1894-FC9C-4749-BE4C-C7C9945DF246}
	EndGlobalSection
EndGlobal
