
Microsoft Visual Studio Solution File, Format Version 12.00
# Visual Studio Version 17
VisualStudioVersion = 17.5.002.0
MinimumVisualStudioVersion = 10.0.40219.1
Project("{9A19103F-16F7-4668-BE54-9A1E7A4F7556}") = "UdemyEFCore.CodeFirst", "UdemyEFCore.CodeFirst.csproj", "{BA9A4492-1267-4DED-A0F7-CF819D24737E}"
EndProject
Global
	GlobalSection(SolutionConfigurationPlatforms) = preSolution
		Debug|Any CPU = Debug|Any CPU
		Release|Any CPU = Release|Any CPU
	EndGlobalSection
	GlobalSection(ProjectConfigurationPlatforms) = postSolution
		{BA9A4492-1267-4DED-A0F7-CF819D24737E}.Debug|Any CPU.ActiveCfg = Debug|Any CPU
		{BA9A4492-1267-4DED-A0F7-CF819D24737E}.Debug|Any CPU.Build.0 = Debug|Any CPU
		{BA9A4492-1267-4DED-A0F7-CF819D24737E}.Release|Any CPU.ActiveCfg = Release|Any CPU
		{BA9A4492-1267-4DED-A0F7-CF819D24737E}.Release|Any CPU.Build.0 = Release|Any CPU
	EndGlobalSection
	GlobalSection(SolutionProperties) = preSolution
		HideSolutionNode = FALSE
	EndGlobalSection
	GlobalSection(ExtensibilityGlobals) = postSolution
		SolutionGuid = {2D6C8CE6-AC4B-4C02-A38A-316F9378D212}
	EndGlobalSection
EndGlobal
